
Microsoft Visual Studio Solution File, Format Version 12.00
# Visual Studio Version 17
VisualStudioVersion = 17.10.34916.146
MinimumVisualStudioVersion = 10.0.40219.1
Project("{9A19103F-16F7-4668-BE54-9A1E7A4F7556}") = "FreeBilling.Web", "FreeBilling.Web\FreeBilling.Web.csproj", "{4C3FB72A-1DEA-4A72-9FA5-1F5867394BD2}"
EndProject
Project("{54A90642-561A-4BB1-A94E-469ADEE60C69}") = "freebilling.app", "FreeBilling.App\freebilling.app.esproj", "{BEC76800-ABAE-49FB-807D-730CD0FFD874}"
EndProject
Global
	GlobalSection(SolutionConfigurationPlatforms) = preSolution
		Debug|Any CPU = Debug|Any CPU
		Release|Any CPU = Release|Any CPU
	EndGlobalSection
	GlobalSection(ProjectConfigurationPlatforms) = postSolution
		{4C3FB72A-1DEA-4A72-9FA5-1F5867394BD2}.Debug|Any CPU.ActiveCfg = Debug|Any CPU
		{4C3FB72A-1DEA-4A72-9FA5-1F5867394BD2}.Debug|Any CPU.Build.0 = Debug|Any CPU
		{4C3FB72A-1DEA-4A72-9FA5-1F5867394BD2}.Release|Any CPU.ActiveCfg = Release|Any CPU
		{4C3FB72A-1DEA-4A72-9FA5-1F5867394BD2}.Release|Any CPU.Build.0 = Release|Any CPU
		{BEC76800-ABAE-49FB-807D-730CD0FFD874}.Debug|Any CPU.ActiveCfg = Debug|Any CPU
		{BEC76800-ABAE-49FB-807D-730CD0FFD874}.Debug|Any CPU.Build.0 = Debug|Any CPU
		{BEC76800-ABAE-49FB-807D-730CD0FFD874}.Debug|Any CPU.Deploy.0 = Debug|Any CPU
		{BEC76800-ABAE-49FB-807D-730CD0FFD874}.Release|Any CPU.ActiveCfg = Release|Any CPU
		{BEC76800-ABAE-49FB-807D-730CD0FFD874}.Release|Any CPU.Build.0 = Release|Any CPU
		{BEC76800-ABAE-49FB-807D-730CD0FFD874}.Release|Any CPU.Deploy.0 = Release|Any CPU
	EndGlobalSection
	GlobalSection(SolutionProperties) = preSolution
		HideSolutionNode = FALSE
	EndGlobalSection
	GlobalSection(ExtensibilityGlobals) = postSolution
		SolutionGuid = {FA4F4645-6993-4408-A6B8-F41CC6863A6B}
	EndGlobalSection
EndGlobal
